
Microsoft Visual Studio Solution File, Format Version 12.00
Project("{FAE04EC0-301F-11D3-BF4B-00C04F79EFBC}") = "MapTalkie", "MapTalkie\MapTalkie.csproj", "{28FD4174-3223-4493-9533-BA1D8A4A2449}"
EndProject
Project("{FAE04EC0-301F-11D3-BF4B-00C04F79EFBC}") = "MapTalkie.Tests", "MapTalkie.Tests\MapTalkie.Tests.csproj", "{24300589-BBE9-4242-8CBF-E4AFAEC7C344}"
EndProject
Project("{FAE04EC0-301F-11D3-BF4B-00C04F79EFBC}") = "MapTalkie.DB", "MapTalkie.DB\MapTalkie.DB.csproj", "{96376A48-3877-44C2-980C-661F1B5D6A75}"
EndProject
Project("{FAE04EC0-301F-11D3-BF4B-00C04F79EFBC}") = "MapTalkie.Common", "MapTalkie.Common\MapTalkie.Common.csproj", "{1857148C-0B10-4F87-A670-B7FAA5491192}"
EndProject
Project("{FAE04EC0-301F-11D3-BF4B-00C04F79EFBC}") = "MapTalkie.Services.LiveEventsConsumers", "MapTalkie.Services.LiveEventsConsumers\MapTalkie.Services.LiveEventsConsumers.csproj", "{44A63851-6EB0-4D3F-B22A-08D46DFC0F50}"
EndProject
Global
	GlobalSection(SolutionConfigurationPlatforms) = preSolution
		Debug|Any CPU = Debug|Any CPU
		Release|Any CPU = Release|Any CPU
	EndGlobalSection
	GlobalSection(ProjectConfigurationPlatforms) = postSolution
		{28FD4174-3223-4493-9533-BA1D8A4A2449}.Debug|Any CPU.ActiveCfg = Debug|Any CPU
		{28FD4174-3223-4493-9533-BA1D8A4A2449}.Debug|Any CPU.Build.0 = Debug|Any CPU
		{28FD4174-3223-4493-9533-BA1D8A4A2449}.Release|Any CPU.ActiveCfg = Release|Any CPU
		{28FD4174-3223-4493-9533-BA1D8A4A2449}.Release|Any CPU.Build.0 = Release|Any CPU
		{24300589-BBE9-4242-8CBF-E4AFAEC7C344}.Debug|Any CPU.ActiveCfg = Debug|Any CPU
		{24300589-BBE9-4242-8CBF-E4AFAEC7C344}.Debug|Any CPU.Build.0 = Debug|Any CPU
		{24300589-BBE9-4242-8CBF-E4AFAEC7C344}.Release|Any CPU.ActiveCfg = Release|Any CPU
		{24300589-BBE9-4242-8CBF-E4AFAEC7C344}.Release|Any CPU.Build.0 = Release|Any CPU
		{96376A48-3877-44C2-980C-661F1B5D6A75}.Debug|Any CPU.ActiveCfg = Debug|Any CPU
		{96376A48-3877-44C2-980C-661F1B5D6A75}.Debug|Any CPU.Build.0 = Debug|Any CPU
		{96376A48-3877-44C2-980C-661F1B5D6A75}.Release|Any CPU.ActiveCfg = Release|Any CPU
		{96376A48-3877-44C2-980C-661F1B5D6A75}.Release|Any CPU.Build.0 = Release|Any CPU
		{1857148C-0B10-4F87-A670-B7FAA5491192}.Debug|Any CPU.ActiveCfg = Debug|Any CPU
		{1857148C-0B10-4F87-A670-B7FAA5491192}.Debug|Any CPU.Build.0 = Debug|Any CPU
		{1857148C-0B10-4F87-A670-B7FAA5491192}.Release|Any CPU.ActiveCfg = Release|Any CPU
		{1857148C-0B10-4F87-A670-B7FAA5491192}.Release|Any CPU.Build.0 = Release|Any CPU
		{44A63851-6EB0-4D3F-B22A-08D46DFC0F50}.Debug|Any CPU.ActiveCfg = Debug|Any CPU
		{44A63851-6EB0-4D3F-B22A-08D46DFC0F50}.Debug|Any CPU.Build.0 = Debug|Any CPU
		{44A63851-6EB0-4D3F-B22A-08D46DFC0F50}.Release|Any CPU.ActiveCfg = Release|Any CPU
		{44A63851-6EB0-4D3F-B22A-08D46DFC0F50}.Release|Any CPU.Build.0 = Release|Any CPU
	EndGlobalSection
EndGlobal
