
Microsoft Visual Studio Solution File, Format Version 12.00
Project("{FAE04EC0-301F-11D3-BF4B-00C04F79EFBC}") = "MapTalkie", "MapTalkie\MapTalkie.csproj", "{28FD4174-3223-4493-9533-BA1D8A4A2449}"
EndProject
Project("{FAE04EC0-301F-11D3-BF4B-00C04F79EFBC}") = "MapTalkieTests", "MapTalkieTests\MapTalkieTests.csproj", "{24300589-BBE9-4242-8CBF-E4AFAEC7C344}"
EndProject
Project("{FAE04EC0-301F-11D3-BF4B-00C04F79EFBC}") = "Sandbox", "Sandbox\Sandbox.csproj", "{0A36A7E8-AE26-4F68-AE9C-86CE446B3747}"
EndProject
Global
	GlobalSection(SolutionConfigurationPlatforms) = preSolution
		Debug|Any CPU = Debug|Any CPU
		Release|Any CPU = Release|Any CPU
	EndGlobalSection
	GlobalSection(ProjectConfigurationPlatforms) = postSolution
		{28FD4174-3223-4493-9533-BA1D8A4A2449}.Debug|Any CPU.ActiveCfg = Debug|Any CPU
		{28FD4174-3223-4493-9533-BA1D8A4A2449}.Debug|Any CPU.Build.0 = Debug|Any CPU
		{28FD4174-3223-4493-9533-BA1D8A4A2449}.Release|Any CPU.ActiveCfg = Release|Any CPU
		{28FD4174-3223-4493-9533-BA1D8A4A2449}.Release|Any CPU.Build.0 = Release|Any CPU
		{24300589-BBE9-4242-8CBF-E4AFAEC7C344}.Debug|Any CPU.ActiveCfg = Debug|Any CPU
		{24300589-BBE9-4242-8CBF-E4AFAEC7C344}.Debug|Any CPU.Build.0 = Debug|Any CPU
		{24300589-BBE9-4242-8CBF-E4AFAEC7C344}.Release|Any CPU.ActiveCfg = Release|Any CPU
		{24300589-BBE9-4242-8CBF-E4AFAEC7C344}.Release|Any CPU.Build.0 = Release|Any CPU
		{0A36A7E8-AE26-4F68-AE9C-86CE446B3747}.Debug|Any CPU.ActiveCfg = Debug|Any CPU
		{0A36A7E8-AE26-4F68-AE9C-86CE446B3747}.Debug|Any CPU.Build.0 = Debug|Any CPU
		{0A36A7E8-AE26-4F68-AE9C-86CE446B3747}.Release|Any CPU.ActiveCfg = Release|Any CPU
		{0A36A7E8-AE26-4F68-AE9C-86CE446B3747}.Release|Any CPU.Build.0 = Release|Any CPU
	EndGlobalSection
EndGlobal
